
Microsoft Visual Studio Solution File, Format Version 12.00
# Visual Studio Version 16
VisualStudioVersion = 16.0.31729.503
MinimumVisualStudioVersion = 10.0.40219.1
Project("{FAE04EC0-301F-11D3-BF4B-00C04F79EFBC}") = "01. Activation Keys", "01. Activation Keys\01. Activation Keys.csproj", "{2C2A1021-851A-4EC8-ADD6-8C9000D7DFB6}"
EndProject
Project("{FAE04EC0-301F-11D3-BF4B-00C04F79EFBC}") = "02. Emoji Detector", "02. Emoji Detector\02. Emoji Detector.csproj", "{989F08ED-CF61-49DC-A894-3ED7A70AE4E4}"
EndProject
Project("{FAE04EC0-301F-11D3-BF4B-00C04F79EFBC}") = "03. P!rates", "03. P!rates\03. P!rates.csproj", "{0E73F585-2D18-4D95-ADAA-48EFC588E3F2}"
EndProject
Global
	GlobalSection(SolutionConfigurationPlatforms) = preSolution
		Debug|Any CPU = Debug|Any CPU
		Release|Any CPU = Release|Any CPU
	EndGlobalSection
	GlobalSection(ProjectConfigurationPlatforms) = postSolution
		{2C2A1021-851A-4EC8-ADD6-8C9000D7DFB6}.Debug|Any CPU.ActiveCfg = Debug|Any CPU
		{2C2A1021-851A-4EC8-ADD6-8C9000D7DFB6}.Debug|Any CPU.Build.0 = Debug|Any CPU
		{2C2A1021-851A-4EC8-ADD6-8C9000D7DFB6}.Release|Any CPU.ActiveCfg = Release|Any CPU
		{2C2A1021-851A-4EC8-ADD6-8C9000D7DFB6}.Release|Any CPU.Build.0 = Release|Any CPU
		{989F08ED-CF61-49DC-A894-3ED7A70AE4E4}.Debug|Any CPU.ActiveCfg = Debug|Any CPU
		{989F08ED-CF61-49DC-A894-3ED7A70AE4E4}.Debug|Any CPU.Build.0 = Debug|Any CPU
		{989F08ED-CF61-49DC-A894-3ED7A70AE4E4}.Release|Any CPU.ActiveCfg = Release|Any CPU
		{989F08ED-CF61-49DC-A894-3ED7A70AE4E4}.Release|Any CPU.Build.0 = Release|Any CPU
		{0E73F585-2D18-4D95-ADAA-48EFC588E3F2}.Debug|Any CPU.ActiveCfg = Debug|Any CPU
		{0E73F585-2D18-4D95-ADAA-48EFC588E3F2}.Debug|Any CPU.Build.0 = Debug|Any CPU
		{0E73F585-2D18-4D95-ADAA-48EFC588E3F2}.Release|Any CPU.ActiveCfg = Release|Any CPU
		{0E73F585-2D18-4D95-ADAA-48EFC588E3F2}.Release|Any CPU.Build.0 = Release|Any CPU
	EndGlobalSection
	GlobalSection(SolutionProperties) = preSolution
		HideSolutionNode = FALSE
	EndGlobalSection
	GlobalSection(ExtensibilityGlobals) = postSolution
		SolutionGuid = {61C7CD71-8044-4059-8395-A2691B41D95A}
	EndGlobalSection
EndGlobal
