
Microsoft Visual Studio Solution File, Format Version 12.00
# Visual Studio Version 16
VisualStudioVersion = 16.0.31729.503
MinimumVisualStudioVersion = 10.0.40219.1
Project("{FAE04EC0-301F-11D3-BF4B-00C04F79EFBC}") = "01. Sort Numbers", "01. Sort Numbers\01. Sort Numbers.csproj", "{199BE97F-4E4D-4B58-A7FF-D4AA8DB3654C}"
EndProject
Project("{FAE04EC0-301F-11D3-BF4B-00C04F79EFBC}") = "02. EnglishNameOfTheLastDigit", "02. EnglishNameOfTheLastDigit\02. EnglishNameOfTheLastDigit.csproj", "{FDEBB1E4-D071-48DC-B0E0-9B00CC9EA55C}"
EndProject
Project("{FAE04EC0-301F-11D3-BF4B-00C04F79EFBC}") = "03. Gaming Store", "03. Gaming Store\03. Gaming Store.csproj", "{01834057-770C-40BC-8FB0-BD754E970032}"
EndProject
Project("{FAE04EC0-301F-11D3-BF4B-00C04F79EFBC}") = "04. Reverse String", "04. Reverse String\04. Reverse String.csproj", "{BE56C6F1-1729-4A9E-8E5A-499D86E0AA7A}"
EndProject
Project("{FAE04EC0-301F-11D3-BF4B-00C04F79EFBC}") = "05. Messages", "05. Messages\05. Messages.csproj", "{2408BF23-2B6E-4A44-B53F-2FD8DB52A8E4}"
EndProject
Global
	GlobalSection(SolutionConfigurationPlatforms) = preSolution
		Debug|Any CPU = Debug|Any CPU
		Release|Any CPU = Release|Any CPU
	EndGlobalSection
	GlobalSection(ProjectConfigurationPlatforms) = postSolution
		{199BE97F-4E4D-4B58-A7FF-D4AA8DB3654C}.Debug|Any CPU.ActiveCfg = Debug|Any CPU
		{199BE97F-4E4D-4B58-A7FF-D4AA8DB3654C}.Debug|Any CPU.Build.0 = Debug|Any CPU
		{199BE97F-4E4D-4B58-A7FF-D4AA8DB3654C}.Release|Any CPU.ActiveCfg = Release|Any CPU
		{199BE97F-4E4D-4B58-A7FF-D4AA8DB3654C}.Release|Any CPU.Build.0 = Release|Any CPU
		{FDEBB1E4-D071-48DC-B0E0-9B00CC9EA55C}.Debug|Any CPU.ActiveCfg = Debug|Any CPU
		{FDEBB1E4-D071-48DC-B0E0-9B00CC9EA55C}.Debug|Any CPU.Build.0 = Debug|Any CPU
		{FDEBB1E4-D071-48DC-B0E0-9B00CC9EA55C}.Release|Any CPU.ActiveCfg = Release|Any CPU
		{FDEBB1E4-D071-48DC-B0E0-9B00CC9EA55C}.Release|Any CPU.Build.0 = Release|Any CPU
		{01834057-770C-40BC-8FB0-BD754E970032}.Debug|Any CPU.ActiveCfg = Debug|Any CPU
		{01834057-770C-40BC-8FB0-BD754E970032}.Debug|Any CPU.Build.0 = Debug|Any CPU
		{01834057-770C-40BC-8FB0-BD754E970032}.Release|Any CPU.ActiveCfg = Release|Any CPU
		{01834057-770C-40BC-8FB0-BD754E970032}.Release|Any CPU.Build.0 = Release|Any CPU
		{BE56C6F1-1729-4A9E-8E5A-499D86E0AA7A}.Debug|Any CPU.ActiveCfg = Debug|Any CPU
		{BE56C6F1-1729-4A9E-8E5A-499D86E0AA7A}.Debug|Any CPU.Build.0 = Debug|Any CPU
		{BE56C6F1-1729-4A9E-8E5A-499D86E0AA7A}.Release|Any CPU.ActiveCfg = Release|Any CPU
		{BE56C6F1-1729-4A9E-8E5A-499D86E0AA7A}.Release|Any CPU.Build.0 = Release|Any CPU
		{2408BF23-2B6E-4A44-B53F-2FD8DB52A8E4}.Debug|Any CPU.ActiveCfg = Debug|Any CPU
		{2408BF23-2B6E-4A44-B53F-2FD8DB52A8E4}.Debug|Any CPU.Build.0 = Debug|Any CPU
		{2408BF23-2B6E-4A44-B53F-2FD8DB52A8E4}.Release|Any CPU.ActiveCfg = Release|Any CPU
		{2408BF23-2B6E-4A44-B53F-2FD8DB52A8E4}.Release|Any CPU.Build.0 = Release|Any CPU
	EndGlobalSection
	GlobalSection(SolutionProperties) = preSolution
		HideSolutionNode = FALSE
	EndGlobalSection
	GlobalSection(ExtensibilityGlobals) = postSolution
		SolutionGuid = {0BCBFDB5-C8A8-4637-BD13-34CD10F84CAE}
	EndGlobalSection
EndGlobal
