
Microsoft Visual Studio Solution File, Format Version 12.00
# Visual Studio Version 16
VisualStudioVersion = 16.0.31729.503
MinimumVisualStudioVersion = 10.0.40219.1
Project("{FAE04EC0-301F-11D3-BF4B-00C04F79EFBC}") = "01. The Imitation Game", "01. The Imitation Game\01. The Imitation Game.csproj", "{977D4724-18DF-49B8-9870-B03271483C30}"
EndProject
Project("{FAE04EC0-301F-11D3-BF4B-00C04F79EFBC}") = "02. Ad Astra", "02. Ad Astra\02. Ad Astra.csproj", "{D0A9704E-82B9-422F-9803-DC8A9C50F7B8}"
EndProject
Project("{FAE04EC0-301F-11D3-BF4B-00C04F79EFBC}") = "03. The Pianist", "03. The Pianist\03. The Pianist.csproj", "{96030560-2CD3-4320-AA43-A39277B38FBF}"
EndProject
Global
	GlobalSection(SolutionConfigurationPlatforms) = preSolution
		Debug|Any CPU = Debug|Any CPU
		Release|Any CPU = Release|Any CPU
	EndGlobalSection
	GlobalSection(ProjectConfigurationPlatforms) = postSolution
		{977D4724-18DF-49B8-9870-B03271483C30}.Debug|Any CPU.ActiveCfg = Debug|Any CPU
		{977D4724-18DF-49B8-9870-B03271483C30}.Debug|Any CPU.Build.0 = Debug|Any CPU
		{977D4724-18DF-49B8-9870-B03271483C30}.Release|Any CPU.ActiveCfg = Release|Any CPU
		{977D4724-18DF-49B8-9870-B03271483C30}.Release|Any CPU.Build.0 = Release|Any CPU
		{D0A9704E-82B9-422F-9803-DC8A9C50F7B8}.Debug|Any CPU.ActiveCfg = Debug|Any CPU
		{D0A9704E-82B9-422F-9803-DC8A9C50F7B8}.Debug|Any CPU.Build.0 = Debug|Any CPU
		{D0A9704E-82B9-422F-9803-DC8A9C50F7B8}.Release|Any CPU.ActiveCfg = Release|Any CPU
		{D0A9704E-82B9-422F-9803-DC8A9C50F7B8}.Release|Any CPU.Build.0 = Release|Any CPU
		{96030560-2CD3-4320-AA43-A39277B38FBF}.Debug|Any CPU.ActiveCfg = Debug|Any CPU
		{96030560-2CD3-4320-AA43-A39277B38FBF}.Debug|Any CPU.Build.0 = Debug|Any CPU
		{96030560-2CD3-4320-AA43-A39277B38FBF}.Release|Any CPU.ActiveCfg = Release|Any CPU
		{96030560-2CD3-4320-AA43-A39277B38FBF}.Release|Any CPU.Build.0 = Release|Any CPU
	EndGlobalSection
	GlobalSection(SolutionProperties) = preSolution
		HideSolutionNode = FALSE
	EndGlobalSection
	GlobalSection(ExtensibilityGlobals) = postSolution
		SolutionGuid = {00D62283-17A5-41AB-900F-99B62CD22AEC}
	EndGlobalSection
EndGlobal
