
Microsoft Visual Studio Solution File, Format Version 12.00
# Visual Studio Version 16
VisualStudioVersion = 16.0.31729.503
MinimumVisualStudioVersion = 10.0.40219.1
Project("{FAE04EC0-301F-11D3-BF4B-00C04F79EFBC}") = "01. Count Real Numbers", "01. Count Real Numbers\01. Count Real Numbers.csproj", "{94FDB132-24FC-46E8-A138-483849FAC41B}"
EndProject
Project("{FAE04EC0-301F-11D3-BF4B-00C04F79EFBC}") = "02. Odd Occurrences", "02. Odd Occurrences\02. Odd Occurrences.csproj", "{12370374-6C4E-429F-A003-5BBA937F275C}"
EndProject
Project("{FAE04EC0-301F-11D3-BF4B-00C04F79EFBC}") = "03. Word Synonyms", "03. Word Synonyms\03. Word Synonyms.csproj", "{FC4B5E91-BFF3-402F-A714-3E6854D320B2}"
EndProject
Project("{FAE04EC0-301F-11D3-BF4B-00C04F79EFBC}") = "04. Largest 3 Numbers", "04. Largest 3 Numbers\04. Largest 3 Numbers.csproj", "{FD672057-41D2-4B61-89CA-F7B6E007D944}"
EndProject
Project("{FAE04EC0-301F-11D3-BF4B-00C04F79EFBC}") = "05. Word Filter", "05. Word Filter\05. Word Filter.csproj", "{0DA15E39-A4F2-417E-B082-377301BFF4DB}"
EndProject
Global
	GlobalSection(SolutionConfigurationPlatforms) = preSolution
		Debug|Any CPU = Debug|Any CPU
		Release|Any CPU = Release|Any CPU
	EndGlobalSection
	GlobalSection(ProjectConfigurationPlatforms) = postSolution
		{94FDB132-24FC-46E8-A138-483849FAC41B}.Debug|Any CPU.ActiveCfg = Debug|Any CPU
		{94FDB132-24FC-46E8-A138-483849FAC41B}.Debug|Any CPU.Build.0 = Debug|Any CPU
		{94FDB132-24FC-46E8-A138-483849FAC41B}.Release|Any CPU.ActiveCfg = Release|Any CPU
		{94FDB132-24FC-46E8-A138-483849FAC41B}.Release|Any CPU.Build.0 = Release|Any CPU
		{12370374-6C4E-429F-A003-5BBA937F275C}.Debug|Any CPU.ActiveCfg = Debug|Any CPU
		{12370374-6C4E-429F-A003-5BBA937F275C}.Debug|Any CPU.Build.0 = Debug|Any CPU
		{12370374-6C4E-429F-A003-5BBA937F275C}.Release|Any CPU.ActiveCfg = Release|Any CPU
		{12370374-6C4E-429F-A003-5BBA937F275C}.Release|Any CPU.Build.0 = Release|Any CPU
		{FC4B5E91-BFF3-402F-A714-3E6854D320B2}.Debug|Any CPU.ActiveCfg = Debug|Any CPU
		{FC4B5E91-BFF3-402F-A714-3E6854D320B2}.Debug|Any CPU.Build.0 = Debug|Any CPU
		{FC4B5E91-BFF3-402F-A714-3E6854D320B2}.Release|Any CPU.ActiveCfg = Release|Any CPU
		{FC4B5E91-BFF3-402F-A714-3E6854D320B2}.Release|Any CPU.Build.0 = Release|Any CPU
		{FD672057-41D2-4B61-89CA-F7B6E007D944}.Debug|Any CPU.ActiveCfg = Debug|Any CPU
		{FD672057-41D2-4B61-89CA-F7B6E007D944}.Debug|Any CPU.Build.0 = Debug|Any CPU
		{FD672057-41D2-4B61-89CA-F7B6E007D944}.Release|Any CPU.ActiveCfg = Release|Any CPU
		{FD672057-41D2-4B61-89CA-F7B6E007D944}.Release|Any CPU.Build.0 = Release|Any CPU
		{0DA15E39-A4F2-417E-B082-377301BFF4DB}.Debug|Any CPU.ActiveCfg = Debug|Any CPU
		{0DA15E39-A4F2-417E-B082-377301BFF4DB}.Debug|Any CPU.Build.0 = Debug|Any CPU
		{0DA15E39-A4F2-417E-B082-377301BFF4DB}.Release|Any CPU.ActiveCfg = Release|Any CPU
		{0DA15E39-A4F2-417E-B082-377301BFF4DB}.Release|Any CPU.Build.0 = Release|Any CPU
	EndGlobalSection
	GlobalSection(SolutionProperties) = preSolution
		HideSolutionNode = FALSE
	EndGlobalSection
	GlobalSection(ExtensibilityGlobals) = postSolution
		SolutionGuid = {4DE2FCEE-E0A4-442F-A395-3A3CF4FF70FE}
	EndGlobalSection
EndGlobal
