
Microsoft Visual Studio Solution File, Format Version 12.00
# Visual Studio Version 16
VisualStudioVersion = 16.0.31729.503
MinimumVisualStudioVersion = 10.0.40219.1
Project("{FAE04EC0-301F-11D3-BF4B-00C04F79EFBC}") = "01. Lootbox", "01. Lootbox\01. Lootbox.csproj", "{F29141A8-E3D8-4A9D-AE23-E896040AE014}"
EndProject
Project("{FAE04EC0-301F-11D3-BF4B-00C04F79EFBC}") = "02. Re-Volt", "02. Re-Volt\02. Re-Volt.csproj", "{CCC49994-33EA-4DAD-8573-D756266AA7B6}"
EndProject
Project("{FAE04EC0-301F-11D3-BF4B-00C04F79EFBC}") = "Guild", "03. Guild\Guild.csproj", "{23FD130C-732C-4626-B8FB-5613F90F7EE3}"
EndProject
Global
	GlobalSection(SolutionConfigurationPlatforms) = preSolution
		Debug|Any CPU = Debug|Any CPU
		Release|Any CPU = Release|Any CPU
	EndGlobalSection
	GlobalSection(ProjectConfigurationPlatforms) = postSolution
		{F29141A8-E3D8-4A9D-AE23-E896040AE014}.Debug|Any CPU.ActiveCfg = Debug|Any CPU
		{F29141A8-E3D8-4A9D-AE23-E896040AE014}.Debug|Any CPU.Build.0 = Debug|Any CPU
		{F29141A8-E3D8-4A9D-AE23-E896040AE014}.Release|Any CPU.ActiveCfg = Release|Any CPU
		{F29141A8-E3D8-4A9D-AE23-E896040AE014}.Release|Any CPU.Build.0 = Release|Any CPU
		{CCC49994-33EA-4DAD-8573-D756266AA7B6}.Debug|Any CPU.ActiveCfg = Debug|Any CPU
		{CCC49994-33EA-4DAD-8573-D756266AA7B6}.Debug|Any CPU.Build.0 = Debug|Any CPU
		{CCC49994-33EA-4DAD-8573-D756266AA7B6}.Release|Any CPU.ActiveCfg = Release|Any CPU
		{CCC49994-33EA-4DAD-8573-D756266AA7B6}.Release|Any CPU.Build.0 = Release|Any CPU
		{23FD130C-732C-4626-B8FB-5613F90F7EE3}.Debug|Any CPU.ActiveCfg = Debug|Any CPU
		{23FD130C-732C-4626-B8FB-5613F90F7EE3}.Debug|Any CPU.Build.0 = Debug|Any CPU
		{23FD130C-732C-4626-B8FB-5613F90F7EE3}.Release|Any CPU.ActiveCfg = Release|Any CPU
		{23FD130C-732C-4626-B8FB-5613F90F7EE3}.Release|Any CPU.Build.0 = Release|Any CPU
	EndGlobalSection
	GlobalSection(SolutionProperties) = preSolution
		HideSolutionNode = FALSE
	EndGlobalSection
	GlobalSection(ExtensibilityGlobals) = postSolution
		SolutionGuid = {2DDE524D-B072-4FDC-922D-654B41B7419E}
	EndGlobalSection
EndGlobal
