
Microsoft Visual Studio Solution File, Format Version 12.00
# Visual Studio Version 16
VisualStudioVersion = 16.0.31729.503
MinimumVisualStudioVersion = 10.0.40219.1
Project("{FAE04EC0-301F-11D3-BF4B-00C04F79EFBC}") = "Farm", "01. Single Inheritance\Farm.csproj", "{F51E9600-67D0-474F-9B5E-5F140C96BCEF}"
EndProject
Project("{FAE04EC0-301F-11D3-BF4B-00C04F79EFBC}") = "CustomRandomList", "CustomRandomList\CustomRandomList.csproj", "{18B2B4AB-86C6-4364-AC42-D9DF2257312F}"
EndProject
Project("{FAE04EC0-301F-11D3-BF4B-00C04F79EFBC}") = "CustomStack", "StackOfStrings\CustomStack.csproj", "{141C936D-FDA9-42AC-94BE-1A88BC40947F}"
EndProject
Global
	GlobalSection(SolutionConfigurationPlatforms) = preSolution
		Debug|Any CPU = Debug|Any CPU
		Release|Any CPU = Release|Any CPU
	EndGlobalSection
	GlobalSection(ProjectConfigurationPlatforms) = postSolution
		{F51E9600-67D0-474F-9B5E-5F140C96BCEF}.Debug|Any CPU.ActiveCfg = Debug|Any CPU
		{F51E9600-67D0-474F-9B5E-5F140C96BCEF}.Debug|Any CPU.Build.0 = Debug|Any CPU
		{F51E9600-67D0-474F-9B5E-5F140C96BCEF}.Release|Any CPU.ActiveCfg = Release|Any CPU
		{F51E9600-67D0-474F-9B5E-5F140C96BCEF}.Release|Any CPU.Build.0 = Release|Any CPU
		{18B2B4AB-86C6-4364-AC42-D9DF2257312F}.Debug|Any CPU.ActiveCfg = Debug|Any CPU
		{18B2B4AB-86C6-4364-AC42-D9DF2257312F}.Debug|Any CPU.Build.0 = Debug|Any CPU
		{18B2B4AB-86C6-4364-AC42-D9DF2257312F}.Release|Any CPU.ActiveCfg = Release|Any CPU
		{18B2B4AB-86C6-4364-AC42-D9DF2257312F}.Release|Any CPU.Build.0 = Release|Any CPU
		{141C936D-FDA9-42AC-94BE-1A88BC40947F}.Debug|Any CPU.ActiveCfg = Debug|Any CPU
		{141C936D-FDA9-42AC-94BE-1A88BC40947F}.Debug|Any CPU.Build.0 = Debug|Any CPU
		{141C936D-FDA9-42AC-94BE-1A88BC40947F}.Release|Any CPU.ActiveCfg = Release|Any CPU
		{141C936D-FDA9-42AC-94BE-1A88BC40947F}.Release|Any CPU.Build.0 = Release|Any CPU
	EndGlobalSection
	GlobalSection(SolutionProperties) = preSolution
		HideSolutionNode = FALSE
	EndGlobalSection
	GlobalSection(ExtensibilityGlobals) = postSolution
		SolutionGuid = {7F98F725-8A1E-46F7-831C-81E48332FE36}
	EndGlobalSection
EndGlobal
